# This file is automatically @generated by Cargo.
# It is not intended for manual editing.
version = 3

[[package]]
name = "anyhow"
version = "1.0.80"
source = "registry+https://github.com/rust-lang/crates.io-index"
checksum = "5ad32ce52e4161730f7098c077cd2ed6229b5804ccf99e5366be1ab72a98b4e1"

[[package]]
name = "byte-order"
version = "0.3.0"
source = "registry+https://github.com/rust-lang/crates.io-index"
checksum = "b021a13e4bf34a5679ada4609a01337ae82f2c4c97493b9d8cbf8aa9af9bd0f4"

[[package]]
name = "rsdukto"
version = "0.1.0"
dependencies = [
 "anyhow",
 "byte-order",
]
